
Microsoft Visual Studio Solution File, Format Version 12.00
# Visual Studio 15
VisualStudioVersion = 15.0.27703.2035
MinimumVisualStudioVersion = 10.0.40219.1
Project("{FAE04EC0-301F-11D3-BF4B-00C04F79EFBC}") = "Client", "Client\Client.csproj", "{87A841FF-7AE9-4571-80D0-D7001C784A50}"
EndProject
Project("{FAE04EC0-301F-11D3-BF4B-00C04F79EFBC}") = "Server", "Server\Server.csproj", "{F3A2CCC8-9236-449E-87AF-CE3A8BE145D3}"
EndProject
Global
	GlobalSection(SolutionConfigurationPlatforms) = preSolution
		Debug|Any CPU = Debug|Any CPU
		Release|Any CPU = Release|Any CPU
	EndGlobalSection
	GlobalSection(ProjectConfigurationPlatforms) = postSolution
		{87A841FF-7AE9-4571-80D0-D7001C784A50}.Debug|Any CPU.ActiveCfg = Debug|Any CPU
		{87A841FF-7AE9-4571-80D0-D7001C784A50}.Debug|Any CPU.Build.0 = Debug|Any CPU
		{87A841FF-7AE9-4571-80D0-D7001C784A50}.Release|Any CPU.ActiveCfg = Release|Any CPU
		{87A841FF-7AE9-4571-80D0-D7001C784A50}.Release|Any CPU.Build.0 = Release|Any CPU
		{F3A2CCC8-9236-449E-87AF-CE3A8BE145D3}.Debug|Any CPU.ActiveCfg = Debug|Any CPU
		{F3A2CCC8-9236-449E-87AF-CE3A8BE145D3}.Debug|Any CPU.Build.0 = Debug|Any CPU
		{F3A2CCC8-9236-449E-87AF-CE3A8BE145D3}.Release|Any CPU.ActiveCfg = Release|Any CPU
		{F3A2CCC8-9236-449E-87AF-CE3A8BE145D3}.Release|Any CPU.Build.0 = Release|Any CPU
	EndGlobalSection
	GlobalSection(SolutionProperties) = preSolution
		HideSolutionNode = FALSE
	EndGlobalSection
	GlobalSection(ExtensibilityGlobals) = postSolution
		SolutionGuid = {4C371213-B4A7-4130-AF6B-0AB5945E44B4}
	EndGlobalSection
EndGlobal
